github.com/davecgh/go-spew v1.1.1 h1:vj9j/u1bqnvCEfJOwUhtlOARqs3+rkHYY13jYWTU97c=
github.com/davecgh/go-spew v1.1.1/go.mod h1:J7Y8YcW2NihsgmVo/mv3lAwl/skON4iLHjSsI+c5H38=
github.com/pmezard/go-difflib v1.0.0 h1:4DBwDE0NGyQoBHbLQYPwSUPoCMWR5BEzIk/f1lZbAQM=
github.com/pmezard/go-difflib v1.0.0/go.mod h1:iKH77koFhYxTK1pcRnkKkqfTogsbg7gZNVY4sRDYZ/4=
github.com/stretchr/testify v1.10.0 h1:Xv5erBjTwe/5IxqUQTdXv5kgmIvbHo3QQyRwhJsOfJA=
github.com/stretchr/testify v1.10.0/go.mod h1:r2ic/lqez/lEtzL7wO/rwa5dbSLXVDPFyf8C91i36aY=
github.com/wasmvision/wasmvision-data v0.0.0-20250407082905-60c065022068 h1:oPhg3nX+ANXzCRL3D+YXSs4ZJX/KlPJO9VKNdI4SyEg=
github.com/wasmvision/wasmvision-data v0.0.0-20250407082905-60c065022068/go.mod h1:KLa4QDS8UhCOPUXWJ11mzG1jnSIu+NRBj3OvggQWtCA=
github.com/wasmvision/wasmvision-sdk-go v0.7.0 h1:anmRefjEDDaoYXNojFnCTsGD7leJwTPJ7ZjQ93n7U5I=
github.com/wasmvision/wasmvision-sdk-go v0.7.0/go.mod h1:ar13Pq9mF+iel5voGv7hckoedginvIjo8yAWPcswVYA=
go.bytecodealliance.org/cm v0.2.2 h1:M9iHS6qs884mbQbIjtLX1OifgyPG9DuMs2iwz8G4WQA=
go.bytecodealliance.org/cm v0.2.2/go.mod h1:JD5vtVNZv7sBoQQkvBvAAVKJPhR/bqBH7yYXTItMfZI=
gopkg.in/yaml.v3 v3.0.1 h1:fxVm/GzAzEWqLHuvctI91KS9hhNmmWOoWu0XTYJS7CA=
gopkg.in/yaml.v3 v3.0.1/go.mod h1:K4uyk7z7BCEPqu6E+C64Yfv1cQ7kz7rIZviUmN+EgEM=
wasmcv.org/wasm/cv v0.8.0 h1:z78cDASuUtVfPzSp5bCeUSo8nxx7fev+NmudHPzsukA=
wasmcv.org/wasm/cv v0.8.0/go.mod h1:QfNrMT0PjVtm7hAZz+T3pZvyVsGlPt+O5p7s6UjxvK0=
