github.com/orsinium-labs/tinytest v1.0.0 h1:YiGm/whlGm3mn/ynx9CCFuvEa3Q6yEGrzrKXEqJOkdc=
github.com/orsinium-labs/tinytest v1.0.0/go.mod h1:GwcYBp0aKi6zujzBXFpCnqw6RSLSp9JSedDyu/V1DF4=
github.com/orsinium-labs/wypes v0.1.4 h1:+7oih2IDlEpz7laiL3sQFlIU8vjd5j/SwcYlPdIPc0Q=
github.com/orsinium-labs/wypes v0.1.4/go.mod h1:FSNWGo8I6/D5RYXMkCxyu71TXJAlwJGQUxgs4i6MAwo=
github.com/tetratelabs/wazero v1.8.0 h1:iEKu0d4c2Pd+QSRieYbnQC9yiFlMS9D+Jr0LsRmcF4g=
github.com/tetratelabs/wazero v1.8.0/go.mod h1:yAI0XTsMBhREkM/YDAK/zNou3GoiAce1P6+rp/wQhjs=
gocv.io/x/gocv v0.37.0 h1:sISHvnApErjoJodz1Dxb8UAkFdITOB3vXGslbVu6Knk=
gocv.io/x/gocv v0.37.0/go.mod h1:lmS802zoQmnNvXETpmGriBqWrENPei2GxYx5KUxJsMA=
