github.com/orsinium-labs/jsony v1.0.2 h1:XIGxtIFNClNIPlc0Mgqd+8KzHmWPw3rGvM3fL4lyh+4=
github.com/orsinium-labs/jsony v1.0.2/go.mod h1:QWdjM0+NmiPsj6bxGZFpo2xaZMtDqh9rc5qSVGqwQaE=
github.com/wasmvision/wasmvision-sdk-go v0.7.0 h1:anmRefjEDDaoYXNojFnCTsGD7leJwTPJ7ZjQ93n7U5I=
github.com/wasmvision/wasmvision-sdk-go v0.7.0/go.mod h1:ar13Pq9mF+iel5voGv7hckoedginvIjo8yAWPcswVYA=
go.bytecodealliance.org/cm v0.3.0 h1:VhV+4vjZPUGCozCg9+up+FNL3YU6XR+XKghk7kQ0vFc=
go.bytecodealliance.org/cm v0.3.0/go.mod h1:JD5vtVNZv7sBoQQkvBvAAVKJPhR/bqBH7yYXTItMfZI=
wasmcv.org/wasm/cv v0.9.0 h1:vwRo++DAFAnilTXnnBQPgYVc6POlAwmaJlNcSX3RXEg=
wasmcv.org/wasm/cv v0.9.0/go.mod h1:2QTOiCeu0bp2qQlDhXVZ8TTLvTOE7G8Dd+r3XUrVwk8=
