github.com/wasmvision/wasmvision-sdk-go v0.6.0 h1:iCIicnXsQEqG8i9jLCfm3Nl36Cx787H6kxt4B5zU8Ug=
github.com/wasmvision/wasmvision-sdk-go v0.6.0/go.mod h1:mT5BgtTjEp3CP4enEeJoMpUiJBtyFGYAMTXGVCexIEY=
go.bytecodealliance.org/cm v0.1.1-0.20250127224617-c53528d4b8b4 h1:uY4JJfbq+ln3u6Qv9j56eJ7nIDlWovTq6Gj9fwCdnOs=
go.bytecodealliance.org/cm v0.1.1-0.20250127224617-c53528d4b8b4/go.mod h1:NZ2UT0DyGhBfpIPOxPMCuG6g1YTR4YF3xweD7mHX5VQ=
wasmcv.org/wasm/cv v0.7.0 h1:YNyhZbqYOl+slGQA64NoNu1Bp3cirQCodTQFSTzNKXs=
wasmcv.org/wasm/cv v0.7.0/go.mod h1:QfNrMT0PjVtm7hAZz+T3pZvyVsGlPt+O5p7s6UjxvK0=
