github.com/buger/jsonparser v1.1.1 h1:2PnMjfWD7wBILjqQbt530v576A/cAbQvEW9gGIpYMUs=
github.com/buger/jsonparser v1.1.1/go.mod h1:6RYKKt7H4d4+iWqouImQ9R2FZql3VbhNgx27UK13J/0=
github.com/wasmvision/wasmvision-sdk-go v0.7.0 h1:anmRefjEDDaoYXNojFnCTsGD7leJwTPJ7ZjQ93n7U5I=
github.com/wasmvision/wasmvision-sdk-go v0.7.0/go.mod h1:ar13Pq9mF+iel5voGv7hckoedginvIjo8yAWPcswVYA=
go.bytecodealliance.org/cm v0.3.0 h1:VhV+4vjZPUGCozCg9+up+FNL3YU6XR+XKghk7kQ0vFc=
go.bytecodealliance.org/cm v0.3.0/go.mod h1:JD5vtVNZv7sBoQQkvBvAAVKJPhR/bqBH7yYXTItMfZI=
wasmcv.org/wasm/cv v0.9.0 h1:vwRo++DAFAnilTXnnBQPgYVc6POlAwmaJlNcSX3RXEg=
wasmcv.org/wasm/cv v0.9.0/go.mod h1:2QTOiCeu0bp2qQlDhXVZ8TTLvTOE7G8Dd+r3XUrVwk8=
