github.com/wasmvision/wasmvision-sdk-go v0.7.0 h1:anmRefjEDDaoYXNojFnCTsGD7leJwTPJ7ZjQ93n7U5I=
github.com/wasmvision/wasmvision-sdk-go v0.7.0/go.mod h1:ar13Pq9mF+iel5voGv7hckoedginvIjo8yAWPcswVYA=
go.bytecodealliance.org/cm v0.2.2 h1:M9iHS6qs884mbQbIjtLX1OifgyPG9DuMs2iwz8G4WQA=
go.bytecodealliance.org/cm v0.2.2/go.mod h1:JD5vtVNZv7sBoQQkvBvAAVKJPhR/bqBH7yYXTItMfZI=
wasmcv.org/wasm/cv v0.8.2 h1:vFDwwqsvoHCXEuQiXoYxOTag+/a6P32R1udZupVCTNs=
wasmcv.org/wasm/cv v0.8.2/go.mod h1:QfNrMT0PjVtm7hAZz+T3pZvyVsGlPt+O5p7s6UjxvK0=
