github.com/bytecodealliance/wasm-tools-go v0.2.4 h1:GLQiBNTAxFt0hu5bJeAbosuH+m+KiuCh1J/4FTebWbg=
github.com/bytecodealliance/wasm-tools-go v0.2.4/go.mod h1:u2tNegNe+EuSMETG+1QmV978gznI8lwBvSZmfrKHt9o=
github.com/hybridgroup/mechanoid v0.2.0 h1:2Kg3c0cK9JK8ZeJkiN+l2o4B0QJYnNHkNEKraMFOugQ=
github.com/hybridgroup/mechanoid v0.2.0/go.mod h1:7jQEJ0blXXbIcqmu2/d7vSxWL5Dxbt18zZirJ35OeXc=
wasmcv.org/wasm/cv v0.4.1-0.20241008173653-62a3b5452833 h1:Uh0CRYCVii1jwkahBs3yyfjhWKCVJRhPMEkNG+2hL0g=
wasmcv.org/wasm/cv v0.4.1-0.20241008173653-62a3b5452833/go.mod h1:9HWLjGM+SmlnxnU8thxfXcpI19KyVN/F+AVOxqw82/U=
